
Microsoft Visual Studio Solution File, Format Version 12.00
# Visual Studio Version 16
VisualStudioVersion = 16.0.34601.136
MinimumVisualStudioVersion = 10.0.40219.1
Project("{FAE04EC0-301F-11D3-BF4B-00C04F79EFBC}") = "E_commerce", "E_commerce\E_commerce.csproj", "{104EF33D-8AF1-4775-A14C-DDDEE21CBA3C}"
EndProject
Global
	GlobalSection(SolutionConfigurationPlatforms) = preSolution
		Debug|Any CPU = Debug|Any CPU
		Release|Any CPU = Release|Any CPU
	EndGlobalSection
	GlobalSection(ProjectConfigurationPlatforms) = postSolution
		{104EF33D-8AF1-4775-A14C-DDDEE21CBA3C}.Debug|Any CPU.ActiveCfg = Debug|Any CPU
		{104EF33D-8AF1-4775-A14C-DDDEE21CBA3C}.Debug|Any CPU.Build.0 = Debug|Any CPU
		{104EF33D-8AF1-4775-A14C-DDDEE21CBA3C}.Release|Any CPU.ActiveCfg = Release|Any CPU
		{104EF33D-8AF1-4775-A14C-DDDEE21CBA3C}.Release|Any CPU.Build.0 = Release|Any CPU
	EndGlobalSection
	GlobalSection(SolutionProperties) = preSolution
		HideSolutionNode = FALSE
	EndGlobalSection
	GlobalSection(ExtensibilityGlobals) = postSolution
		SolutionGuid = {32A333B3-9EAE-40EF-A54E-1DE0875207F3}
	EndGlobalSection
EndGlobal
